{
    "version": 3,
    "terraform_version": "0.7.13",
    "serial": 0,
    "lineage": "2bab3dca-8d6e-4c80-9d03-04c71e1dc744",
    "modules": [
        {
            "path": [
                "root"
            ],
            "outputs": {},
            "resources": {
                "aws_instance.web": {
                    "type": "aws_instance",
                    "depends_on": [],
                    "primary": {
                        "id": "i-04aa0228419197f93",
                        "attributes": {
                            "ami": "ami-db704cb8",
                            "associate_public_ip_address": "true",
                            "availability_zone": "ap-southeast-2a",
                            "disable_api_termination": "false",
                            "ebs_block_device.#": "0",
                            "ebs_optimized": "false",
                            "ephemeral_block_device.#": "0",
                            "iam_instance_profile": "",
                            "id": "i-04aa0228419197f93",
                            "instance_state": "running",
                            "instance_type": "t2.micro",
                            "key_name": "",
                            "monitoring": "false",
                            "network_interface_id": "eni-4494c63c",
                            "private_dns": "ip-172-31-1-217.ap-southeast-2.compute.internal",
                            "private_ip": "172.31.1.217",
                            "public_dns": "ec2-13-54-213-70.ap-southeast-2.compute.amazonaws.com",
                            "public_ip": "13.54.213.70",
                            "root_block_device.#": "1",
                            "root_block_device.0.delete_on_termination": "true",
                            "root_block_device.0.iops": "100",
                            "root_block_device.0.volume_size": "8",
                            "root_block_device.0.volume_type": "gp2",
                            "security_groups.#": "0",
                            "source_dest_check": "true",
                            "subnet_id": "subnet-8b44cbee",
                            "tags.%": "1",
                            "tags.Name": "MyWeb",
                            "tenancy": "default",
                            "vpc_security_group_ids.#": "1",
                            "vpc_security_group_ids.2380092652": "sg-a3cd7cc6"
                        },
                        "meta": {
                            "schema_version": "1"
                        },
                        "tainted": false
                    },
                    "deposed": [],
                    "provider": ""
                }
            },
            "depends_on": []
        }
    ]
}
